<?xml version="1.0" encoding="utf-8"?>
<Project ToolsVersion="4.0" xmlns="http://schemas.microsoft.com/developer/msbuild/2003">
  <ItemGroup>
    <Filter Include="Engine">
      <UniqueIdentifier>{d0186099-f98b-4cc6-bdae-72312c3dff18}</UniqueIdentifier>
    </Filter>
    <Filter Include="Client">
      <UniqueIdentifier>{8cc84bc3-d6b7-45d6-8fea-cfcf5ef0a884}</UniqueIdentifier>
    </Filter>
    <Filter Include="Main">
      <UniqueIdentifier>{bd70b851-876b-406f-ba51-2fa6e2bd75f6}</UniqueIdentifier>
    </Filter>
    <Filter Include="Config">
      <UniqueIdentifier>{6b1d891c-b747-4908-b655-0bbd5d759c6e}</UniqueIdentifier>
    </Filter>
  </ItemGroup>
  <ItemGroup>
    <ClInclude Include="Engine\IEngine.h">
      <Filter>Engine</Filter>
    </ClInclude>
    <ClInclude Include="Config\IConfig.h">
      <Filter>Config</Filter>
    </ClInclude>
    <ClInclude Include="Client\IClient.h">
      <Filter>Client</Filter>
    </ClInclude>
    <ClInclude Include="Client\IGameObject.h">
      <Filter>Client</Filter>
    </ClInclude>
    <ClInclude Include="Client\IGameLogic.h">
      <Filter>Client</Filter>
    </ClInclude>
  </ItemGroup>
  <ItemGroup>
    <ClCompile Include="Main.cpp">
      <Filter>Main</Filter>
    </ClCompile>
    <ClCompile Include="Engine\IEngine.cpp">
      <Filter>Engine</Filter>
    </ClCompile>
    <ClCompile Include="Config\IConfig.cpp">
      <Filter>Config</Filter>
    </ClCompile>
    <ClCompile Include="Client\IClient.cpp">
      <Filter>Client</Filter>
    </ClCompile>
    <ClCompile Include="Client\IGameObject.cpp">
      <Filter>Client</Filter>
    </ClCompile>
    <ClCompile Include="Client\IGameLogic.cpp">
      <Filter>Client</Filter>
    </ClCompile>
  </ItemGroup>
</Project>